
Microsoft Visual Studio Solution File, Format Version 12.00
# Visual Studio Version 17
VisualStudioVersion = 17.0.32014.148
MinimumVisualStudioVersion = 10.0.40219.1
Project("{FAE04EC0-301F-11D3-BF4B-00C04F79EFBC}") = "ClassLabTINU", "ClassLabTINU\ClassLabTINU.csproj", "{E043E358-494B-4ED1-B1E9-E2B3531D8BD2}"
EndProject
Project("{FAE04EC0-301F-11D3-BF4B-00C04F79EFBC}") = "ComercialSys91", "ComercialSys91\ComercialSys91.csproj", "{81FA0BF0-F671-4CDD-B7B1-F86E8B43EB11}"
EndProject
Global
	GlobalSection(SolutionConfigurationPlatforms) = preSolution
		Debug|Any CPU = Debug|Any CPU
		Release|Any CPU = Release|Any CPU
	EndGlobalSection
	GlobalSection(ProjectConfigurationPlatforms) = postSolution
		{E043E358-494B-4ED1-B1E9-E2B3531D8BD2}.Debug|Any CPU.ActiveCfg = Debug|Any CPU
		{E043E358-494B-4ED1-B1E9-E2B3531D8BD2}.Debug|Any CPU.Build.0 = Debug|Any CPU
		{E043E358-494B-4ED1-B1E9-E2B3531D8BD2}.Release|Any CPU.ActiveCfg = Release|Any CPU
		{E043E358-494B-4ED1-B1E9-E2B3531D8BD2}.Release|Any CPU.Build.0 = Release|Any CPU
		{81FA0BF0-F671-4CDD-B7B1-F86E8B43EB11}.Debug|Any CPU.ActiveCfg = Debug|Any CPU
		{81FA0BF0-F671-4CDD-B7B1-F86E8B43EB11}.Debug|Any CPU.Build.0 = Debug|Any CPU
		{81FA0BF0-F671-4CDD-B7B1-F86E8B43EB11}.Release|Any CPU.ActiveCfg = Release|Any CPU
		{81FA0BF0-F671-4CDD-B7B1-F86E8B43EB11}.Release|Any CPU.Build.0 = Release|Any CPU
	EndGlobalSection
	GlobalSection(SolutionProperties) = preSolution
		HideSolutionNode = FALSE
	EndGlobalSection
	GlobalSection(ExtensibilityGlobals) = postSolution
		SolutionGuid = {AEB63155-6DEA-47A4-BF3D-550A8A24B50C}
	EndGlobalSection
EndGlobal
